
Microsoft Visual Studio Solution File, Format Version 12.00
# Visual Studio Version 17
VisualStudioVersion = 17.4.33110.190
MinimumVisualStudioVersion = 10.0.40219.1
Project("{FAE04EC0-301F-11D3-BF4B-00C04F79EFBC}") = "Coupon Numbers", "Coupon Numbers.csproj", "{7B1E446D-2B8A-4FCA-AAE7-80830E1CCD81}"
EndProject
Global
	GlobalSection(SolutionConfigurationPlatforms) = preSolution
		Debug|Any CPU = Debug|Any CPU
		Release|Any CPU = Release|Any CPU
	EndGlobalSection
	GlobalSection(ProjectConfigurationPlatforms) = postSolution
		{7B1E446D-2B8A-4FCA-AAE7-80830E1CCD81}.Debug|Any CPU.ActiveCfg = Debug|Any CPU
		{7B1E446D-2B8A-4FCA-AAE7-80830E1CCD81}.Debug|Any CPU.Build.0 = Debug|Any CPU
		{7B1E446D-2B8A-4FCA-AAE7-80830E1CCD81}.Release|Any CPU.ActiveCfg = Release|Any CPU
		{7B1E446D-2B8A-4FCA-AAE7-80830E1CCD81}.Release|Any CPU.Build.0 = Release|Any CPU
	EndGlobalSection
	GlobalSection(SolutionProperties) = preSolution
		HideSolutionNode = FALSE
	EndGlobalSection
	GlobalSection(ExtensibilityGlobals) = postSolution
		SolutionGuid = {0299FFAE-5380-45AE-A130-CED1DD4D3625}
	EndGlobalSection
EndGlobal
