
Microsoft Visual Studio Solution File, Format Version 12.00
# Visual Studio Version 17
VisualStudioVersion = 17.4.33110.190
MinimumVisualStudioVersion = 10.0.40219.1
Project("{FAE04EC0-301F-11D3-BF4B-00C04F79EFBC}") = "Swap_Nibbles_Number", "Swap_Nibbles_Number.csproj", "{8C7BB64B-2895-4FEF-BF59-FBEDCF84A3E8}"
EndProject
Global
	GlobalSection(SolutionConfigurationPlatforms) = preSolution
		Debug|Any CPU = Debug|Any CPU
		Release|Any CPU = Release|Any CPU
	EndGlobalSection
	GlobalSection(ProjectConfigurationPlatforms) = postSolution
		{8C7BB64B-2895-4FEF-BF59-FBEDCF84A3E8}.Debug|Any CPU.ActiveCfg = Debug|Any CPU
		{8C7BB64B-2895-4FEF-BF59-FBEDCF84A3E8}.Debug|Any CPU.Build.0 = Debug|Any CPU
		{8C7BB64B-2895-4FEF-BF59-FBEDCF84A3E8}.Release|Any CPU.ActiveCfg = Release|Any CPU
		{8C7BB64B-2895-4FEF-BF59-FBEDCF84A3E8}.Release|Any CPU.Build.0 = Release|Any CPU
	EndGlobalSection
	GlobalSection(SolutionProperties) = preSolution
		HideSolutionNode = FALSE
	EndGlobalSection
	GlobalSection(ExtensibilityGlobals) = postSolution
		SolutionGuid = {8B10560C-80AD-4CA1-91CC-7534F9D227A5}
	EndGlobalSection
EndGlobal
