
Microsoft Visual Studio Solution File, Format Version 12.00
# Visual Studio Version 17
VisualStudioVersion = 17.4.33110.190
MinimumVisualStudioVersion = 10.0.40219.1
Project("{FAE04EC0-301F-11D3-BF4B-00C04F79EFBC}") = "Simulate Stopwatch Program", "Simulate Stopwatch Program.csproj", "{F3DE0899-803B-4721-8668-EC3512408ECE}"
EndProject
Global
	GlobalSection(SolutionConfigurationPlatforms) = preSolution
		Debug|Any CPU = Debug|Any CPU
		Release|Any CPU = Release|Any CPU
	EndGlobalSection
	GlobalSection(ProjectConfigurationPlatforms) = postSolution
		{F3DE0899-803B-4721-8668-EC3512408ECE}.Debug|Any CPU.ActiveCfg = Debug|Any CPU
		{F3DE0899-803B-4721-8668-EC3512408ECE}.Debug|Any CPU.Build.0 = Debug|Any CPU
		{F3DE0899-803B-4721-8668-EC3512408ECE}.Release|Any CPU.ActiveCfg = Release|Any CPU
		{F3DE0899-803B-4721-8668-EC3512408ECE}.Release|Any CPU.Build.0 = Release|Any CPU
	EndGlobalSection
	GlobalSection(SolutionProperties) = preSolution
		HideSolutionNode = FALSE
	EndGlobalSection
	GlobalSection(ExtensibilityGlobals) = postSolution
		SolutionGuid = {62D40B4A-DC66-452B-97C5-FC12BC98A515}
	EndGlobalSection
EndGlobal
